
Microsoft Visual Studio Solution File, Format Version 12.00
# Visual Studio Version 17
VisualStudioVersion = 17.9.34728.123
MinimumVisualStudioVersion = 10.0.40219.1
Project("{FAE04EC0-301F-11D3-BF4B-00C04F79EFBC}") = "proiect_pclp_CATalog.Server", "proiect_pclp_CATalog.Server\proiect_pclp_CATalog.Server.csproj", "{6117C186-ABFB-41B1-A1A7-A19901DEBF2F}"
EndProject
Project("{54A90642-561A-4BB1-A94E-469ADEE60C69}") = "proiect_pclp_catalog.client", "proiect_pclp_catalog.client\proiect_pclp_catalog.client.esproj", "{2DE11C15-C439-47EF-A93F-9F790EEEA356}"
EndProject
Global
	GlobalSection(SolutionConfigurationPlatforms) = preSolution
		Debug|Any CPU = Debug|Any CPU
		Release|Any CPU = Release|Any CPU
	EndGlobalSection
	GlobalSection(ProjectConfigurationPlatforms) = postSolution
		{6117C186-ABFB-41B1-A1A7-A19901DEBF2F}.Debug|Any CPU.ActiveCfg = Debug|Any CPU
		{6117C186-ABFB-41B1-A1A7-A19901DEBF2F}.Debug|Any CPU.Build.0 = Debug|Any CPU
		{6117C186-ABFB-41B1-A1A7-A19901DEBF2F}.Release|Any CPU.ActiveCfg = Release|Any CPU
		{6117C186-ABFB-41B1-A1A7-A19901DEBF2F}.Release|Any CPU.Build.0 = Release|Any CPU
		{2DE11C15-C439-47EF-A93F-9F790EEEA356}.Debug|Any CPU.ActiveCfg = Debug|Any CPU
		{2DE11C15-C439-47EF-A93F-9F790EEEA356}.Debug|Any CPU.Build.0 = Debug|Any CPU
		{2DE11C15-C439-47EF-A93F-9F790EEEA356}.Debug|Any CPU.Deploy.0 = Debug|Any CPU
		{2DE11C15-C439-47EF-A93F-9F790EEEA356}.Release|Any CPU.ActiveCfg = Release|Any CPU
		{2DE11C15-C439-47EF-A93F-9F790EEEA356}.Release|Any CPU.Build.0 = Release|Any CPU
		{2DE11C15-C439-47EF-A93F-9F790EEEA356}.Release|Any CPU.Deploy.0 = Release|Any CPU
	EndGlobalSection
	GlobalSection(SolutionProperties) = preSolution
		HideSolutionNode = FALSE
	EndGlobalSection
	GlobalSection(ExtensibilityGlobals) = postSolution
		SolutionGuid = {DFF41355-7B08-4BF0-91DF-6E146B423B63}
	EndGlobalSection
EndGlobal
